#MicroXplorer Configuration settings - do not modify
File.Version=6
GPIO.groupedBy=
KeepUserPlacement=false
Mcu.Family=STM32H7
Mcu.IP0=CORTEX_M7
Mcu.IP1=DEBUG
Mcu.IP2=NVIC
Mcu.IP3=RCC
Mcu.IP4=SYS
Mcu.IP5=USB_OTG_HS
Mcu.IPNb=6
Mcu.Name=STM32H7B3IIKx
Mcu.Package=UFBGA176
Mcu.Pin0=PA14
Mcu.Pin1=PA13
Mcu.Pin2=PA12
Mcu.Pin3=PA11
Mcu.Pin4=PH0-OSC_IN
Mcu.Pin5=PH1-OSC_OUT
Mcu.Pin6=VP_SYS_VS_tim1
Mcu.PinsNb=7
Mcu.ThirdParty0=STMicroelectronics.X-CUBE-AZRTOS-H7.1.1.0
Mcu.ThirdPartyNb=1
Mcu.UserConstants=
Mcu.UserName=STM32H7B3IIKx
MxCube.Version=6.3.0
MxDb.Version=DB.6.0.30
NVIC.BusFault_IRQn=true\:0\:0\:false\:false\:true\:false\:false
NVIC.DebugMonitor_IRQn=true\:0\:0\:false\:false\:true\:false\:false
NVIC.ForceEnableDMAVector=true
NVIC.HardFault_IRQn=true\:0\:0\:false\:false\:true\:false\:false
NVIC.MemoryManagement_IRQn=true\:0\:0\:false\:false\:true\:false\:false
NVIC.NonMaskableInt_IRQn=true\:0\:0\:false\:false\:true\:false\:false
NVIC.PendSV_IRQn=true\:0\:0\:false\:false\:true\:false\:false
NVIC.PriorityGroup=NVIC_PRIORITYGROUP_4
NVIC.SVCall_IRQn=true\:0\:0\:false\:false\:true\:false\:false
NVIC.SysTick_IRQn=true\:15\:0\:false\:false\:true\:false\:true
NVIC.TIM1_UP_IRQn=true\:15\:0\:false\:false\:true\:false\:true
NVIC.TimeBase=TIM1_UP_IRQn
NVIC.TimeBaseIP=TIM1
NVIC.UsageFault_IRQn=true\:0\:0\:false\:false\:true\:false\:false
PA11.Mode=Device_Only_FS
PA11.Signal=USB_OTG_HS_DM
PA12.Mode=Device_Only_FS
PA12.Signal=USB_OTG_HS_DP
PA13.Mode=Serial_Wire
PA13.Signal=DEBUG_JTMS-SWDIO
PA14.Mode=Serial_Wire
PA14.Signal=DEBUG_JTCK-SWCLK
PH0-OSC_IN.Mode=HSE-External-Oscillator
PH0-OSC_IN.Signal=RCC_OSC_IN
PH1-OSC_OUT.Mode=HSE-External-Oscillator
PH1-OSC_OUT.Signal=RCC_OSC_OUT
PinOutPanel.CurrentBGAView=Top
PinOutPanel.RotationAngle=0
ProjectManager.AskForMigrate=true
ProjectManager.BackupPrevious=false
ProjectManager.CompilerOptimize=6
ProjectManager.ComputerToolchain=false
ProjectManager.CoupleFile=false
ProjectManager.CustomerFirmwarePackage=
ProjectManager.DefaultFWLocation=true
ProjectManager.DeletePrevious=true
ProjectManager.DeviceId=STM32H7B3IIKx
ProjectManager.FirmwarePackage=STM32Cube FW_H7 V1.9.0
ProjectManager.FreePins=false
ProjectManager.HalAssertFull=false
ProjectManager.HeapSize=0x2000
ProjectManager.KeepUserCode=true
ProjectManager.LastFirmware=true
ProjectManager.LibraryCopy=0
ProjectManager.MainLocation=Src
ProjectManager.NoMain=false
ProjectManager.PreviousToolchain=
ProjectManager.ProjectBuild=false
ProjectManager.ProjectFileName=usb_h7b3.ioc
ProjectManager.ProjectName=usb_h7b3
ProjectManager.RegisterCallBack=
ProjectManager.StackSize=0x2000
ProjectManager.TargetToolchain=Makefile
ProjectManager.ToolChainLocation=
ProjectManager.UnderRoot=false
ProjectManager.functionlistsort=1-MX_GPIO_Init-GPIO-false-HAL-true,2-SystemClock_Config-RCC-false-HAL-false,3-MX_USB_OTG_HS_PCD_Init-USB_OTG_HS-false-HAL-true,0-MX_CORTEX_M7_Init-CORTEX_M7-false-HAL-true
RCC.ADCFreq_Value=48000000
RCC.AHB12Freq_Value=196000488.28125
RCC.AHB4Freq_Value=196000488.28125
RCC.APB1Freq_Value=98000244.140625
RCC.APB2Freq_Value=98000244.140625
RCC.APB3Freq_Value=98000244.140625
RCC.APB4Freq_Value=98000244.140625
RCC.AXIClockFreq_Value=196000488.28125
RCC.CDCPREFreq_Value=196000488.28125
RCC.CDPPRE=RCC_APB3_DIV2
RCC.CDPPRE1=RCC_APB1_DIV2
RCC.CDPPRE2=RCC_APB2_DIV2
RCC.CECFreq_Value=32000
RCC.CKPERFreq_Value=64000000
RCC.CortexFreq_Value=196000488.28125
RCC.CpuClockFreq_Value=196000488.28125
RCC.DFSDM2ACLkFreq_Value=98000244.140625
RCC.DFSDM2Freq_Value=98000244.140625
RCC.DFSDMACLkFreq_Value=130666992.1875
RCC.DFSDMFreq_Value=98000244.140625
RCC.DIVM1=2
RCC.DIVM2=24
RCC.DIVM3=2
RCC.DIVN1=32
RCC.DIVN2=96
RCC.DIVN3=16
RCC.DIVP1Freq_Value=196000488.28125
RCC.DIVP2Freq_Value=48000000
RCC.DIVP3Freq_Value=96000000
RCC.DIVQ1=3
RCC.DIVQ1Freq_Value=130666992.1875
RCC.DIVQ2Freq_Value=48000000
RCC.DIVQ3=4
RCC.DIVQ3Freq_Value=48000000
RCC.DIVR1=3
RCC.DIVR1Freq_Value=130666992.1875
RCC.DIVR2Freq_Value=48000000
RCC.DIVR3Freq_Value=96000000
RCC.FDCANFreq_Value=130666992.1875
RCC.FMCFreq_Value=196000488.28125
RCC.FamilyName=M
RCC.HCLK3ClockFreq_Value=196000488.28125
RCC.HCLKFreq_Value=196000488.28125
RCC.I2C123Freq_Value=98000244.140625
RCC.I2C4Freq_Value=98000244.140625
RCC.IPParameters=ADCFreq_Value,AHB12Freq_Value,AHB4Freq_Value,APB1Freq_Value,APB2Freq_Value,APB3Freq_Value,APB4Freq_Value,AXIClockFreq_Value,CDCPREFreq_Value,CDPPRE,CDPPRE1,CDPPRE2,CECFreq_Value,CKPERFreq_Value,CortexFreq_Value,CpuClockFreq_Value,DFSDM2ACLkFreq_Value,DFSDM2Freq_Value,DFSDMACLkFreq_Value,DFSDMFreq_Value,DIVM1,DIVM2,DIVM3,DIVN1,DIVN2,DIVN3,DIVP1Freq_Value,DIVP2Freq_Value,DIVP3Freq_Value,DIVQ1,DIVQ1Freq_Value,DIVQ2Freq_Value,DIVQ3,DIVQ3Freq_Value,DIVR1,DIVR1Freq_Value,DIVR2Freq_Value,DIVR3Freq_Value,FDCANFreq_Value,FMCFreq_Value,FamilyName,HCLK3ClockFreq_Value,HCLKFreq_Value,I2C123Freq_Value,I2C4Freq_Value,LPTIM1Freq_Value,LPTIM2Freq_Value,LPTIM345Freq_Value,LPUART1Freq_Value,LTDCFreq_Value,MCO1PinFreq_Value,MCO2PinFreq_Value,PLL3FRACN,PLLFRACN,PLLSourceVirtual,QSPIFreq_Value,RNGFreq_Value,RTCFreq_Value,SAI1Freq_Value,SAI2AFreq_Value,SAI2BFreq_Value,SDMMCFreq_Value,SPDIFRXFreq_Value,SPI123Freq_Value,SPI45Freq_Value,SPI6Freq_Value,SRDPPRE,SWPMI1Freq_Value,SYSCLKFreq_VALUE,SYSCLKSource,Tim1OutputFreq_Value,Tim2OutputFreq_Value,TraceFreq_Value,USART16Freq_Value,USART234578Freq_Value,USBCLockSelection,USBFreq_Value,VCO1OutputFreq_Value,VCO2OutputFreq_Value,VCO3OutputFreq_Value,VCOInput1Freq_Value,VCOInput2Freq_Value,VCOInput3Freq_Value
RCC.LPTIM1Freq_Value=98000244.140625
RCC.LPTIM2Freq_Value=98000244.140625
RCC.LPTIM345Freq_Value=98000244.140625
RCC.LPUART1Freq_Value=98000244.140625
RCC.LTDCFreq_Value=96000000
RCC.MCO1PinFreq_Value=64000000
RCC.MCO2PinFreq_Value=196000488.28125
RCC.PLL3FRACN=0
RCC.PLLFRACN=5462
RCC.PLLSourceVirtual=RCC_PLLSOURCE_HSE
RCC.QSPIFreq_Value=196000488.28125
RCC.RNGFreq_Value=48000000
RCC.RTCFreq_Value=32000
RCC.SAI1Freq_Value=130666992.1875
RCC.SAI2AFreq_Value=130666992.1875
RCC.SAI2BFreq_Value=130666992.1875
RCC.SDMMCFreq_Value=130666992.1875
RCC.SPDIFRXFreq_Value=130666992.1875
RCC.SPI123Freq_Value=130666992.1875
RCC.SPI45Freq_Value=98000244.140625
RCC.SPI6Freq_Value=98000244.140625
RCC.SRDPPRE=RCC_APB4_DIV2
RCC.SWPMI1Freq_Value=98000244.140625
RCC.SYSCLKFreq_VALUE=196000488.28125
RCC.SYSCLKSource=RCC_SYSCLKSOURCE_PLLCLK
RCC.Tim1OutputFreq_Value=196000488.28125
RCC.Tim2OutputFreq_Value=196000488.28125
RCC.TraceFreq_Value=130666992.1875
RCC.USART16Freq_Value=98000244.140625
RCC.USART234578Freq_Value=98000244.140625
RCC.USBCLockSelection=RCC_USBCLKSOURCE_PLL3
RCC.USBFreq_Value=48000000
RCC.VCO1OutputFreq_Value=392000976.5625
RCC.VCO2OutputFreq_Value=96000000
RCC.VCO3OutputFreq_Value=192000000
RCC.VCOInput1Freq_Value=12000000
RCC.VCOInput2Freq_Value=1000000
RCC.VCOInput3Freq_Value=12000000
STMicroelectronics.X-CUBE-AZRTOS-H7.1.1.0_IsAnAzureRtosMw=true
STMicroelectronics.X-CUBE-AZRTOS-H7.1.1.0_SwParameter=AZUREIiRTOSIiApplicationsCcDeviceJjHWIiProfile\:CustomIiBoard;USBXCcUSBJjUSBXJjUXOoDeviceOoControllers\:true;USBXCcUSBJjUSBXJjCoreSystem\:true;ThreadXCcRTOSJjThreadXJjCore\:true;USBXCcUSBJjUSBXJjUXOoDeviceOoCoreStack\:RTOSIiMODE;USBXCcUSBJjUSBXJjUXOoDeviceOoClassOoHID\:true;AZUREIiRTOSIiApplicationsCcDeviceJjApplication\:azureIirtosIiapp;
USB_OTG_HS.IPParameters=VirtualMode-Device_Only_FS
USB_OTG_HS.VirtualMode-Device_Only_FS=Device_Only_FS
VP_SYS_VS_tim1.Mode=TIM1
VP_SYS_VS_tim1.Signal=SYS_VS_tim1
board=custom
