#MicroXplorer Configuration settings - do not modify
CAD.formats=
CAD.pinconfig=
CAD.provider=
Dma.QUADSPI.0.Direction=DMA_PERIPH_TO_MEMORY
Dma.QUADSPI.0.FIFOMode=DMA_FIFOMODE_DISABLE
Dma.QUADSPI.0.Instance=DMA2_Stream7
Dma.QUADSPI.0.MemDataAlignment=DMA_MDATAALIGN_BYTE
Dma.QUADSPI.0.MemInc=DMA_MINC_ENABLE
Dma.QUADSPI.0.Mode=DMA_NORMAL
Dma.QUADSPI.0.PeriphDataAlignment=DMA_PDATAALIGN_BYTE
Dma.QUADSPI.0.PeriphInc=DMA_PINC_DISABLE
Dma.QUADSPI.0.Priority=DMA_PRIORITY_LOW
Dma.QUADSPI.0.RequestParameters=Instance,Direction,PeriphInc,MemInc,PeriphDataAlignment,MemDataAlignment,Mode,Priority,FIFOMode
Dma.Request0=QUADSPI
Dma.Request1=SPI1_RX
Dma.Request2=SPI1_TX
Dma.RequestsNb=3
Dma.SPI1_RX.1.Direction=DMA_PERIPH_TO_MEMORY
Dma.SPI1_RX.1.FIFOMode=DMA_FIFOMODE_DISABLE
Dma.SPI1_RX.1.Instance=DMA2_Stream0
Dma.SPI1_RX.1.MemDataAlignment=DMA_MDATAALIGN_BYTE
Dma.SPI1_RX.1.MemInc=DMA_MINC_ENABLE
Dma.SPI1_RX.1.Mode=DMA_NORMAL
Dma.SPI1_RX.1.PeriphDataAlignment=DMA_PDATAALIGN_BYTE
Dma.SPI1_RX.1.PeriphInc=DMA_PINC_DISABLE
Dma.SPI1_RX.1.Priority=DMA_PRIORITY_LOW
Dma.SPI1_RX.1.RequestParameters=Instance,Direction,PeriphInc,MemInc,PeriphDataAlignment,MemDataAlignment,Mode,Priority,FIFOMode
Dma.SPI1_TX.2.Direction=DMA_MEMORY_TO_PERIPH
Dma.SPI1_TX.2.FIFOMode=DMA_FIFOMODE_DISABLE
Dma.SPI1_TX.2.Instance=DMA2_Stream2
Dma.SPI1_TX.2.MemDataAlignment=DMA_MDATAALIGN_BYTE
Dma.SPI1_TX.2.MemInc=DMA_MINC_ENABLE
Dma.SPI1_TX.2.Mode=DMA_NORMAL
Dma.SPI1_TX.2.PeriphDataAlignment=DMA_PDATAALIGN_BYTE
Dma.SPI1_TX.2.PeriphInc=DMA_PINC_DISABLE
Dma.SPI1_TX.2.Priority=DMA_PRIORITY_LOW
Dma.SPI1_TX.2.RequestParameters=Instance,Direction,PeriphInc,MemInc,PeriphDataAlignment,MemDataAlignment,Mode,Priority,FIFOMode
File.Version=6
GPIO.groupedBy=
KeepUserPlacement=false
Mcu.CPN=STM32F412RET6
Mcu.Family=STM32F4
Mcu.IP0=DMA
Mcu.IP1=I2C1
Mcu.IP10=USB_OTG_FS
Mcu.IP2=NVIC
Mcu.IP3=QUADSPI
Mcu.IP4=RCC
Mcu.IP5=RTC
Mcu.IP6=SPI1
Mcu.IP7=SYS
Mcu.IP8=TIM3
Mcu.IP9=USB_DEVICE
Mcu.IPNb=11
Mcu.Name=STM32F412R(E-G)Tx
Mcu.Package=LQFP64
Mcu.Pin0=PH0 - OSC_IN
Mcu.Pin1=PH1 - OSC_OUT
Mcu.Pin10=PC11
Mcu.Pin11=PB3
Mcu.Pin12=PB4
Mcu.Pin13=PB5
Mcu.Pin14=PB8
Mcu.Pin15=PB9
Mcu.Pin16=VP_RTC_VS_RTC_Activate
Mcu.Pin17=VP_SYS_VS_Systick
Mcu.Pin18=VP_USB_DEVICE_VS_USB_DEVICE_MSC_FS
Mcu.Pin2=PA6
Mcu.Pin3=PA7
Mcu.Pin4=PC4
Mcu.Pin5=PC5
Mcu.Pin6=PB1
Mcu.Pin7=PC7
Mcu.Pin8=PA11
Mcu.Pin9=PA12
Mcu.PinsNb=19
Mcu.ThirdPartyNb=0
Mcu.UserConstants=
Mcu.UserName=STM32F412RETx
MxCube.Version=6.7.0
MxDb.Version=DB.6.0.70
NVIC.BusFault_IRQn=true\:0\:0\:false\:false\:true\:false\:false\:false
NVIC.DMA2_Stream0_IRQn=true\:0\:0\:false\:false\:true\:false\:true\:true
NVIC.DMA2_Stream2_IRQn=true\:0\:0\:false\:false\:true\:false\:true\:true
NVIC.DMA2_Stream7_IRQn=true\:0\:0\:false\:false\:true\:false\:true\:true
NVIC.DebugMonitor_IRQn=true\:0\:0\:false\:false\:true\:false\:false\:false
NVIC.ForceEnableDMAVector=true
NVIC.HardFault_IRQn=true\:0\:0\:false\:false\:true\:false\:false\:false
NVIC.MemoryManagement_IRQn=true\:0\:0\:false\:false\:true\:false\:false\:false
NVIC.NonMaskableInt_IRQn=true\:0\:0\:false\:false\:true\:false\:false\:false
NVIC.OTG_FS_IRQn=true\:0\:0\:false\:false\:true\:false\:true\:true
NVIC.PendSV_IRQn=true\:0\:0\:false\:false\:true\:false\:false\:false
NVIC.PriorityGroup=NVIC_PRIORITYGROUP_4
NVIC.SVCall_IRQn=true\:0\:0\:false\:false\:true\:false\:false\:false
NVIC.SysTick_IRQn=true\:15\:0\:false\:false\:true\:false\:true\:false
NVIC.UsageFault_IRQn=true\:0\:0\:false\:false\:true\:false\:false\:false
PA11.Mode=Device_Only
PA11.Signal=USB_OTG_FS_DM
PA12.Mode=Device_Only
PA12.Signal=USB_OTG_FS_DP
PA6.Mode=Single Bank 2
PA6.Signal=QUADSPI_BK2_IO0
PA7.Mode=Single Bank 2
PA7.Signal=QUADSPI_BK2_IO1
PB1.Mode=Single Bank 2
PB1.Signal=QUADSPI_CLK
PB3.Locked=true
PB3.Mode=Full_Duplex_Master
PB3.Signal=SPI1_SCK
PB4.Mode=Full_Duplex_Master
PB4.Signal=SPI1_MISO
PB5.Mode=Full_Duplex_Master
PB5.Signal=SPI1_MOSI
PB8.Locked=true
PB8.Mode=I2C
PB8.Signal=I2C1_SCL
PB9.Locked=true
PB9.Mode=I2C
PB9.Signal=I2C1_SDA
PC11.Mode=Single Bank 2
PC11.Signal=QUADSPI_BK2_NCS
PC4.Mode=Single Bank 2
PC4.Signal=QUADSPI_BK2_IO2
PC5.Mode=Single Bank 2
PC5.Signal=QUADSPI_BK2_IO3
PC7.Signal=S_TIM3_CH2
PH0\ -\ OSC_IN.Mode=HSE-External-Oscillator
PH0\ -\ OSC_IN.Signal=RCC_OSC_IN
PH1\ -\ OSC_OUT.Mode=HSE-External-Oscillator
PH1\ -\ OSC_OUT.Signal=RCC_OSC_OUT
PinOutPanel.RotationAngle=0
ProjectManager.AskForMigrate=true
ProjectManager.BackupPrevious=false
ProjectManager.CompilerOptimize=6
ProjectManager.ComputerToolchain=false
ProjectManager.CoupleFile=false
ProjectManager.CustomerFirmwarePackage=
ProjectManager.DefaultFWLocation=true
ProjectManager.DeletePrevious=true
ProjectManager.DeviceId=STM32F412RETx
ProjectManager.FirmwarePackage=STM32Cube FW_F4 V1.27.1
ProjectManager.FreePins=false
ProjectManager.HalAssertFull=false
ProjectManager.HeapSize=0x2000
ProjectManager.KeepUserCode=true
ProjectManager.LastFirmware=true
ProjectManager.LibraryCopy=0
ProjectManager.MainLocation=Src
ProjectManager.NoMain=false
ProjectManager.PreviousToolchain=
ProjectManager.ProjectBuild=false
ProjectManager.ProjectFileName=ext_flasher.ioc
ProjectManager.ProjectName=ext_flasher
ProjectManager.RegisterCallBack=
ProjectManager.StackSize=0x1000
ProjectManager.TargetToolchain=Makefile
ProjectManager.ToolChainLocation=
ProjectManager.UnderRoot=false
ProjectManager.functionlistsort=1-SystemClock_Config-RCC-false-HAL-false,2-MX_GPIO_Init-GPIO-false-HAL-true,3-MX_DMA_Init-DMA-false-HAL-true,4-MX_QUADSPI_Init-QUADSPI-false-HAL-true,5-MX_RTC_Init-RTC-false-HAL-true,6-MX_SPI1_Init-SPI1-false-HAL-true,7-MX_USB_DEVICE_Init-USB_DEVICE-false-HAL-false,8-MX_I2C1_Init-I2C1-false-HAL-true,9-MX_TIM3_Init-TIM3-false-HAL-true
RCC.AHBFreq_Value=96000000
RCC.APB1CLKDivider=RCC_HCLK_DIV2
RCC.APB1Freq_Value=48000000
RCC.APB1TimFreq_Value=96000000
RCC.APB2Freq_Value=96000000
RCC.APB2TimFreq_Value=96000000
RCC.CortexFreq_Value=96000000
RCC.DFSDMAudioFreq_Value=96000000
RCC.DFSDMFreq_Value=96000000
RCC.FCLKCortexFreq_Value=96000000
RCC.FMPI2C1Freq_Value=48000000
RCC.FamilyName=M
RCC.HCLKFreq_Value=96000000
RCC.HSE_VALUE=8000000
RCC.I2S1Freq_Value=96000000
RCC.I2S2Freq_Value=96000000
RCC.IPParameters=AHBFreq_Value,APB1CLKDivider,APB1Freq_Value,APB1TimFreq_Value,APB2Freq_Value,APB2TimFreq_Value,CortexFreq_Value,DFSDMAudioFreq_Value,DFSDMFreq_Value,FCLKCortexFreq_Value,FMPI2C1Freq_Value,FamilyName,HCLKFreq_Value,HSE_VALUE,I2S1Freq_Value,I2S2Freq_Value,MCO2PinFreq_Value,PLLCLKFreq_Value,PLLI2SM,PLLI2SPCLKFreq_Value,PLLI2SQ,PLLI2SQCLKFreq_Value,PLLI2SQoutputFreq_Value,PLLI2SRCLKFreq_Value,PLLI2SoutputFreq_Value,PLLM,PLLQ,PLLQCLKFreq_Value,PLLQoutputFreq_Value,PLLRCLKFreq_Value,PLLRoutputFreq_Value,RNGFreq_Value,SDIOFreq_Value,SYSCLKFreq_VALUE,SYSCLKSource,USBFreq_Value,VCOI2SInputFreq_Value,VCOI2SOutputFreq_Value,VCOInputFreq_Value,VCOOutputFreq_Value
RCC.MCO2PinFreq_Value=96000000
RCC.PLLCLKFreq_Value=96000000
RCC.PLLI2SM=8
RCC.PLLI2SPCLKFreq_Value=96000000
RCC.PLLI2SQ=4
RCC.PLLI2SQCLKFreq_Value=48000000
RCC.PLLI2SQoutputFreq_Value=48000000
RCC.PLLI2SRCLKFreq_Value=96000000
RCC.PLLI2SoutputFreq_Value=96000000
RCC.PLLM=8
RCC.PLLQ=4
RCC.PLLQCLKFreq_Value=48000000
RCC.PLLQoutputFreq_Value=48000000
RCC.PLLRCLKFreq_Value=96000000
RCC.PLLRoutputFreq_Value=96000000
RCC.RNGFreq_Value=48000000
RCC.SDIOFreq_Value=48000000
RCC.SYSCLKFreq_VALUE=96000000
RCC.SYSCLKSource=RCC_SYSCLKSOURCE_PLLCLK
RCC.USBFreq_Value=48000000
RCC.VCOI2SInputFreq_Value=1000000
RCC.VCOI2SOutputFreq_Value=192000000
RCC.VCOInputFreq_Value=1000000
RCC.VCOOutputFreq_Value=192000000
SH.S_TIM3_CH2.0=TIM3_CH2,PWM Generation2 CH2
SH.S_TIM3_CH2.ConfNb=1
SPI1.CalculateBaudRate=48.0 MBits/s
SPI1.Direction=SPI_DIRECTION_2LINES
SPI1.IPParameters=VirtualType,Mode,Direction,CalculateBaudRate
SPI1.Mode=SPI_MODE_MASTER
SPI1.VirtualType=VM_MASTER
TIM3.Channel-PWM\ Generation2\ CH2=TIM_CHANNEL_2
TIM3.IPParameters=Channel-PWM Generation2 CH2,Prescaler,Period,Pulse-PWM Generation2 CH2,OC2Preload_PWM
TIM3.OC2Preload_PWM=DISABLE
TIM3.Period=249
TIM3.Prescaler=95
TIM3.Pulse-PWM\ Generation2\ CH2=125
USB_DEVICE.CLASS_NAME_FS=MSC
USB_DEVICE.IPParameters=VirtualMode,VirtualModeFS,CLASS_NAME_FS,USBD_LPM_ENABLED,USBD_SELF_POWERED,MSC_MEDIA_PACKET,USBD_DEBUG_LEVEL
USB_DEVICE.MSC_MEDIA_PACKET=512
USB_DEVICE.USBD_DEBUG_LEVEL=3
USB_DEVICE.USBD_LPM_ENABLED=0
USB_DEVICE.USBD_SELF_POWERED=0
USB_DEVICE.VirtualMode=Msc
USB_DEVICE.VirtualModeFS=Msc_FS
USB_OTG_FS.IPParameters=VirtualMode
USB_OTG_FS.VirtualMode=Device_Only
VP_RTC_VS_RTC_Activate.Mode=RTC_Enabled
VP_RTC_VS_RTC_Activate.Signal=RTC_VS_RTC_Activate
VP_SYS_VS_Systick.Mode=SysTick
VP_SYS_VS_Systick.Signal=SYS_VS_Systick
VP_USB_DEVICE_VS_USB_DEVICE_MSC_FS.Mode=MSC_FS
VP_USB_DEVICE_VS_USB_DEVICE_MSC_FS.Signal=USB_DEVICE_VS_USB_DEVICE_MSC_FS
board=custom
